// !$*UTF8*$!
{
	archiveVersion = 1;
	classes = {
	};
	objectVersion = 46;
	objects = {

/* Begin PBXBuildFile section */
		FA4A11C61B0BB7D800518050 /* AppDelegate.swift in Sources */ = {isa = PBXBuildFile; fileRef = FA4A11C51B0BB7D800518050 /* AppDelegate.swift */; };
		FA4A11C81B0BB7D800518050 /* RecorderViewController.swift in Sources */ = {isa = PBXBuildFile; fileRef = FA4A11C71B0BB7D800518050 /* RecorderViewController.swift */; };
		FA4A11CB1B0BB7D800518050 /* Main.storyboard in Resources */ = {isa = PBXBuildFile; fileRef = FA4A11C91B0BB7D800518050 /* Main.storyboard */; };
		FA4A11CD1B0BB7D800518050 /* Images.xcassets in Resources */ = {isa = PBXBuildFile; fileRef = FA4A11CC1B0BB7D800518050 /* Images.xcassets */; };
		FA4A11D01B0BB7D800518050 /* LaunchScreen.xib in Resources */ = {isa = PBXBuildFile; fileRef = FA4A11CE1B0BB7D800518050 /* LaunchScreen.xib */; };
		FA4A11DC1B0BB7D800518050 /* Pitch_PerfectTests.swift in Sources */ = {isa = PBXBuildFile; fileRef = FA4A11DB1B0BB7D800518050 /* Pitch_PerfectTests.swift */; };
		FABF57E21B0F7D2A009D9BC5 /* RecordedAudio.swift in Sources */ = {isa = PBXBuildFile; fileRef = FABF57E11B0F7D2A009D9BC5 /* RecordedAudio.swift */; };
		FABF57E41B0F8359009D9BC5 /* PlayBackViewController.swift in Sources */ = {isa = PBXBuildFile; fileRef = FABF57E31B0F8359009D9BC5 /* PlayBackViewController.swift */; };
/* End PBXBuildFile section */

/* Begin PBXContainerItemProxy section */
		FA4A11D61B0BB7D800518050 /* PBXContainerItemProxy */ = {
			isa = PBXContainerItemProxy;
			containerPortal = FA4A11B81B0BB7D800518050 /* Project object */;
			proxyType = 1;
			remoteGlobalIDString = FA4A11BF1B0BB7D800518050;
			remoteInfo = "Pitch Perfect";
		};
/* End PBXContainerItemProxy section */

/* Begin PBXFileReference section */
		FA4A11C01B0BB7D800518050 /* Pitch Perfect.app */ = {isa = PBXFileReference; explicitFileType = wrapper.application; includeInIndex = 0; path = "Pitch Perfect.app"; sourceTree = BUILT_PRODUCTS_DIR; };
		FA4A11C41B0BB7D800518050 /* Info.plist */ = {isa = PBXFileReference; lastKnownFileType = text.plist.xml; path = Info.plist; sourceTree = "<group>"; };
		FA4A11C51B0BB7D800518050 /* AppDelegate.swift */ = {isa = PBXFileReference; lastKnownFileType = sourcecode.swift; path = AppDelegate.swift; sourceTree = "<group>"; };
		FA4A11C71B0BB7D800518050 /* RecorderViewController.swift */ = {isa = PBXFileReference; lastKnownFileType = sourcecode.swift; path = RecorderViewController.swift; sourceTree = "<group>"; };
		FA4A11CA1B0BB7D800518050 /* Base */ = {isa = PBXFileReference; lastKnownFileType = file.storyboard; name = Base; path = Base.lproj/Main.storyboard; sourceTree = "<group>"; };
		FA4A11CC1B0BB7D800518050 /* Images.xcassets */ = {isa = PBXFileReference; lastKnownFileType = folder.assetcatalog; path = Images.xcassets; sourceTree = "<group>"; };
		FA4A11CF1B0BB7D800518050 /* Base */ = {isa = PBXFileReference; lastKnownFileType = file.xib; name = Base; path = Base.lproj/LaunchScreen.xib; sourceTree = "<group>"; };
		FA4A11D51B0BB7D800518050 /* Pitch PerfectTests.xctest */ = {isa = PBXFileReference; explicitFileType = wrapper.cfbundle; includeInIndex = 0; path = "Pitch PerfectTests.xctest"; sourceTree = BUILT_PRODUCTS_DIR; };
		FA4A11DA1B0BB7D800518050 /* Info.plist */ = {isa = PBXFileReference; lastKnownFileType = text.plist.xml; path = Info.plist; sourceTree = "<group>"; };
		FA4A11DB1B0BB7D800518050 /* Pitch_PerfectTests.swift */ = {isa = PBXFileReference; lastKnownFileType = sourcecode.swift; path = Pitch_PerfectTests.swift; sourceTree = "<group>"; };
		FABF57E11B0F7D2A009D9BC5 /* RecordedAudio.swift */ = {isa = PBXFileReference; fileEncoding = 4; lastKnownFileType = sourcecode.swift; path = RecordedAudio.swift; sourceTree = "<group>"; };
		FABF57E31B0F8359009D9BC5 /* PlayBackViewController.swift */ = {isa = PBXFileReference; fileEncoding = 4; lastKnownFileType = sourcecode.swift; path = PlayBackViewController.swift; sourceTree = "<group>"; };
/* End PBXFileReference section */

/* Begin PBXFrameworksBuildPhase section */
		FA4A11BD1B0BB7D800518050 /* Frameworks */ = {
			isa = PBXFrameworksBuildPhase;
			buildActionMask = 2147483647;
			files = (
			);
			runOnlyForDeploymentPostprocessing = 0;
		};
		FA4A11D21B0BB7D800518050 /* Frameworks */ = {
			isa = PBXFrameworksBuildPhase;
			buildActionMask = 2147483647;
			files = (
			);
			runOnlyForDeploymentPostprocessing = 0;
		};
/* End PBXFrameworksBuildPhase section */

/* Begin PBXGroup section */
		FA4A11B71B0BB7D800518050 = {
			isa = PBXGroup;
			children = (
				FA4A11C21B0BB7D800518050 /* Pitch Perfect */,
				FA4A11D81B0BB7D800518050 /* Pitch PerfectTests */,
				FA4A11C11B0BB7D800518050 /* Products */,
			);
			sourceTree = "<group>";
		};
		FA4A11C11B0BB7D800518050 /* Products */ = {
			isa = PBXGroup;
			children = (
				FA4A11C01B0BB7D800518050 /* Pitch Perfect.app */,
				FA4A11D51B0BB7D800518050 /* Pitch PerfectTests.xctest */,
			);
			name = Products;
			sourceTree = "<group>";
		};
		FA4A11C21B0BB7D800518050 /* Pitch Perfect */ = {
			isa = PBXGroup;
			children = (
				FA4A11C51B0BB7D800518050 /* AppDelegate.swift */,
				FA4A11C71B0BB7D800518050 /* RecorderViewController.swift */,
				FA4A11C91B0BB7D800518050 /* Main.storyboard */,
				FA4A11CC1B0BB7D800518050 /* Images.xcassets */,
				FABF57E11B0F7D2A009D9BC5 /* RecordedAudio.swift */,
				FABF57E31B0F8359009D9BC5 /* PlayBackViewController.swift */,
				FA4A11CE1B0BB7D800518050 /* LaunchScreen.xib */,
				FA4A11C31B0BB7D800518050 /* Supporting Files */,
			);
			path = "Pitch Perfect";
			sourceTree = "<group>";
		};
		FA4A11C31B0BB7D800518050 /* Supporting Files */ = {
			isa = PBXGroup;
			children = (
				FA4A11C41B0BB7D800518050 /* Info.plist */,
			);
			name = "Supporting Files";
			sourceTree = "<group>";
		};
		FA4A11D81B0BB7D800518050 /* Pitch PerfectTests */ = {
			isa = PBXGroup;
			children = (
				FA4A11DB1B0BB7D800518050 /* Pitch_PerfectTests.swift */,
				FA4A11D91B0BB7D800518050 /* Supporting Files */,
			);
			path = "Pitch PerfectTests";
			sourceTree = "<group>";
		};
		FA4A11D91B0BB7D800518050 /* Supporting Files */ = {
			isa = PBXGroup;
			children = (
				FA4A11DA1B0BB7D800518050 /* Info.plist */,
			);
			name = "Supporting Files";
			sourceTree = "<group>";
		};
/* End PBXGroup section */

/* Begin PBXNativeTarget section */
		FA4A11BF1B0BB7D800518050 /* Pitch Perfect */ = {
			isa = PBXNativeTarget;
			buildConfigurationList = FA4A11DF1B0BB7D800518050 /* Build configuration list for PBXNativeTarget "Pitch Perfect" */;
			buildPhases = (
				FA4A11BC1B0BB7D800518050 /* Sources */,
				FA4A11BD1B0BB7D800518050 /* Frameworks */,
				FA4A11BE1B0BB7D800518050 /* Resources */,
			);
			buildRules = (
			);
			dependencies = (
			);
			name = "Pitch Perfect";
			productName = "Pitch Perfect";
			productReference = FA4A11C01B0BB7D800518050 /* Pitch Perfect.app */;
			productType = "com.apple.product-type.application";
		};
		FA4A11D41B0BB7D800518050 /* Pitch PerfectTests */ = {
			isa = PBXNativeTarget;
			buildConfigurationList = FA4A11E21B0BB7D800518050 /* Build configuration list for PBXNativeTarget "Pitch PerfectTests" */;
			buildPhases = (
				FA4A11D11B0BB7D800518050 /* Sources */,
				FA4A11D21B0BB7D800518050 /* Frameworks */,
				FA4A11D31B0BB7D800518050 /* Resources */,
			);
			buildRules = (
			);
			dependencies = (
				FA4A11D71B0BB7D800518050 /* PBXTargetDependency */,
			);
			name = "Pitch PerfectTests";
			productName = "Pitch PerfectTests";
			productReference = FA4A11D51B0BB7D800518050 /* Pitch PerfectTests.xctest */;
			productType = "com.apple.product-type.bundle.unit-test";
		};
/* End PBXNativeTarget section */

/* Begin PBXProject section */
		FA4A11B81B0BB7D800518050 /* Project object */ = {
			isa = PBXProject;
			attributes = {
				LastUpgradeCheck = 0630;
				ORGANIZATIONNAME = MoXiafang;
				TargetAttributes = {
					FA4A11BF1B0BB7D800518050 = {
						CreatedOnToolsVersion = 6.3.2;
					};
					FA4A11D41B0BB7D800518050 = {
						CreatedOnToolsVersion = 6.3.2;
						TestTargetID = FA4A11BF1B0BB7D800518050;
					};
				};
			};
			buildConfigurationList = FA4A11BB1B0BB7D800518050 /* Build configuration list for PBXProject "Pitch Perfect" */;
			compatibilityVersion = "Xcode 3.2";
			developmentRegion = English;
			hasScannedForEncodings = 0;
			knownRegions = (
				en,
				Base,
			);
			mainGroup = FA4A11B71B0BB7D800518050;
			productRefGroup = FA4A11C11B0BB7D800518050 /* Products */;
			projectDirPath = "";
			projectRoot = "";
			targets = (
				FA4A11BF1B0BB7D800518050 /* Pitch Perfect */,
				FA4A11D41B0BB7D800518050 /* Pitch PerfectTests */,
			);
		};
/* End PBXProject section */

/* Begin PBXResourcesBuildPhase section */
		FA4A11BE1B0BB7D800518050 /* Resources */ = {
			isa = PBXResourcesBuildPhase;
			buildActionMask = 2147483647;
			files = (
				FA4A11CB1B0BB7D800518050 /* Main.storyboard in Resources */,
				FA4A11D01B0BB7D800518050 /* LaunchScreen.xib in Resources */,
				FA4A11CD1B0BB7D800518050 /* Images.xcassets in Resources */,
			);
			runOnlyForDeploymentPostprocessing = 0;
		};
		FA4A11D31B0BB7D800518050 /* Resources */ = {
			isa = PBXResourcesBuildPhase;
			buildActionMask = 2147483647;
			files = (
			);
			runOnlyForDeploymentPostprocessing = 0;
		};
/* End PBXResourcesBuildPhase section */

/* Begin PBXSourcesBuildPhase section */
		FA4A11BC1B0BB7D800518050 /* Sources */ = {
			isa = PBXSourcesBuildPhase;
			buildActionMask = 2147483647;
			files = (
				FABF57E21B0F7D2A009D9BC5 /* RecordedAudio.swift in Sources */,
				FABF57E41B0F8359009D9BC5 /* PlayBackViewController.swift in Sources */,
				FA4A11C81B0BB7D800518050 /* RecorderViewController.swift in Sources */,
				FA4A11C61B0BB7D800518050 /* AppDelegate.swift in Sources */,
			);
			runOnlyForDeploymentPostprocessing = 0;
		};
		FA4A11D11B0BB7D800518050 /* Sources */ = {
			isa = PBXSourcesBuildPhase;
			buildActionMask = 2147483647;
			files = (
				FA4A11DC1B0BB7D800518050 /* Pitch_PerfectTests.swift in Sources */,
			);
			runOnlyForDeploymentPostprocessing = 0;
		};
/* End PBXSourcesBuildPhase section */

/* Begin PBXTargetDependency section */
		FA4A11D71B0BB7D800518050 /* PBXTargetDependency */ = {
			isa = PBXTargetDependency;
			target = FA4A11BF1B0BB7D800518050 /* Pitch Perfect */;
			targetProxy = FA4A11D61B0BB7D800518050 /* PBXContainerItemProxy */;
		};
/* End PBXTargetDependency section */

/* Begin PBXVariantGroup section */
		FA4A11C91B0BB7D800518050 /* Main.storyboard */ = {
			isa = PBXVariantGroup;
			children = (
				FA4A11CA1B0BB7D800518050 /* Base */,
			);
			name = Main.storyboard;
			sourceTree = "<group>";
		};
		FA4A11CE1B0BB7D800518050 /* LaunchScreen.xib */ = {
			isa = PBXVariantGroup;
			children = (
				FA4A11CF1B0BB7D800518050 /* Base */,
			);
			name = LaunchScreen.xib;
			sourceTree = "<group>";
		};
/* End PBXVariantGroup section */

/* Begin XCBuildConfiguration section */
		FA4A11DD1B0BB7D800518050 /* Debug */ = {
			isa = XCBuildConfiguration;
			buildSettings = {
				ALWAYS_SEARCH_USER_PATHS = NO;
				CLANG_CXX_LANGUAGE_STANDARD = "gnu++0x";
				CLANG_CXX_LIBRARY = "libc++";
				CLANG_ENABLE_MODULES = YES;
				CLANG_ENABLE_OBJC_ARC = YES;
				CLANG_WARN_BOOL_CONVERSION = YES;
				CLANG_WARN_CONSTANT_CONVERSION = YES;
				CLANG_WARN_DIRECT_OBJC_ISA_USAGE = YES_ERROR;
				CLANG_WARN_EMPTY_BODY = YES;
				CLANG_WARN_ENUM_CONVERSION = YES;
				CLANG_WARN_INT_CONVERSION = YES;
				CLANG_WARN_OBJC_ROOT_CLASS = YES_ERROR;
				CLANG_WARN_UNREACHABLE_CODE = YES;
				CLANG_WARN__DUPLICATE_METHOD_MATCH = YES;
				"CODE_SIGN_IDENTITY[sdk=iphoneos*]" = "iPhone Developer";
				COPY_PHASE_STRIP = NO;
				DEBUG_INFORMATION_FORMAT = "dwarf-with-dsym";
				ENABLE_STRICT_OBJC_MSGSEND = YES;
				GCC_C_LANGUAGE_STANDARD = gnu99;
				GCC_DYNAMIC_NO_PIC = NO;
				GCC_NO_COMMON_BLOCKS = YES;
				GCC_OPTIMIZATION_LEVEL = 0;
				GCC_PREPROCESSOR_DEFINITIONS = (
					"DEBUG=1",
					"$(inherited)",
				);
				GCC_SYMBOLS_PRIVATE_EXTERN = NO;
				GCC_WARN_64_TO_32_BIT_CONVERSION = YES;
				GCC_WARN_ABOUT_RETURN_TYPE = YES_ERROR;
				GCC_WARN_UNDECLARED_SELECTOR = YES;
				GCC_WARN_UNINITIALIZED_AUTOS = YES_AGGRESSIVE;
				GCC_WARN_UNUSED_FUNCTION = YES;
				GCC_WARN_UNUSED_VARIABLE = YES;
				IPHONEOS_DEPLOYMENT_TARGET = 8.3;
				MTL_ENABLE_DEBUG_INFO = YES;
				ONLY_ACTIVE_ARCH = YES;
				SDKROOT = iphoneos;
				SWIFT_OPTIMIZATION_LEVEL = "-Onone";
				TARGETED_DEVICE_FAMILY = "1,2";
			};
			name = Debug;
		};
		FA4A11DE1B0BB7D800518050 /* Release */ = {
			isa = XCBuildConfiguration;
			buildSettings = {
				ALWAYS_SEARCH_USER_PATHS = NO;
				CLANG_CXX_LANGUAGE_STANDARD = "gnu++0x";
				CLANG_CXX_LIBRARY = "libc++";
				CLANG_ENABLE_MODULES = YES;
				CLANG_ENABLE_OBJC_ARC = YES;
				CLANG_WARN_BOOL_CONVERSION = YES;
				CLANG_WARN_CONSTANT_CONVERSION = YES;
				CLANG_WARN_DIRECT_OBJC_ISA_USAGE = YES_ERROR;
				CLANG_WARN_EMPTY_BODY = YES;
				CLANG_WARN_ENUM_CONVERSION = YES;
				CLANG_WARN_INT_CONVERSION = YES;
				CLANG_WARN_OBJC_ROOT_CLASS = YES_ERROR;
				CLANG_WARN_UNREACHABLE_CODE = YES;
				CLANG_WARN__DUPLICATE_METHOD_MATCH = YES;
				"CODE_SIGN_IDENTITY[sdk=iphoneos*]" = "iPhone Developer";
				COPY_PHASE_STRIP = NO;
				DEBUG_INFORMATION_FORMAT = "dwarf-with-dsym";
				ENABLE_NS_ASSERTIONS = NO;
				ENABLE_STRICT_OBJC_MSGSEND = YES;
				GCC_C_LANGUAGE_STANDARD = gnu99;
				GCC_NO_COMMON_BLOCKS = YES;
				GCC_WARN_64_TO_32_BIT_CONVERSION = YES;
				GCC_WARN_ABOUT_RETURN_TYPE = YES_ERROR;
				GCC_WARN_UNDECLARED_SELECTOR = YES;
				GCC_WARN_UNINITIALIZED_AUTOS = YES_AGGRESSIVE;
				GCC_WARN_UNUSED_FUNCTION = YES;
				GCC_WARN_UNUSED_VARIABLE = YES;
				IPHONEOS_DEPLOYMENT_TARGET = 8.3;
				MTL_ENABLE_DEBUG_INFO = NO;
				SDKROOT = iphoneos;
				TARGETED_DEVICE_FAMILY = "1,2";
				VALIDATE_PRODUCT = YES;
			};
			name = Release;
		};
		FA4A11E01B0BB7D800518050 /* Debug */ = {
			isa = XCBuildConfiguration;
			buildSettings = {
				ASSETCATALOG_COMPILER_APPICON_NAME = AppIcon;
				INFOPLIST_FILE = "Pitch Perfect/Info.plist";
				LD_RUNPATH_SEARCH_PATHS = "$(inherited) @executable_path/Frameworks";
				PRODUCT_NAME = "$(TARGET_NAME)";
			};
			name = Debug;
		};
		FA4A11E11B0BB7D800518050 /* Release */ = {
			isa = XCBuildConfiguration;
			buildSettings = {
				ASSETCATALOG_COMPILER_APPICON_NAME = AppIcon;
				INFOPLIST_FILE = "Pitch Perfect/Info.plist";
				LD_RUNPATH_SEARCH_PATHS = "$(inherited) @executable_path/Frameworks";
				PRODUCT_NAME = "$(TARGET_NAME)";
			};
			name = Release;
		};
		FA4A11E31B0BB7D800518050 /* Debug */ = {
			isa = XCBuildConfiguration;
			buildSettings = {
				BUNDLE_LOADER = "$(TEST_HOST)";
				FRAMEWORK_SEARCH_PATHS = (
					"$(SDKROOT)/Developer/Library/Frameworks",
					"$(inherited)",
				);
				GCC_PREPROCESSOR_DEFINITIONS = (
					"DEBUG=1",
					"$(inherited)",
				);
				INFOPLIST_FILE = "Pitch PerfectTests/Info.plist";
				LD_RUNPATH_SEARCH_PATHS = "$(inherited) @executable_path/Frameworks @loader_path/Frameworks";
				PRODUCT_NAME = "$(TARGET_NAME)";
				TEST_HOST = "$(BUILT_PRODUCTS_DIR)/Pitch Perfect.app/Pitch Perfect";
			};
			name = Debug;
		};
		FA4A11E41B0BB7D800518050 /* Release */ = {
			isa = XCBuildConfiguration;
			buildSettings = {
				BUNDLE_LOADER = "$(TEST_HOST)";
				FRAMEWORK_SEARCH_PATHS = (
					"$(SDKROOT)/Developer/Library/Frameworks",
					"$(inherited)",
				);
				INFOPLIST_FILE = "Pitch PerfectTests/Info.plist";
				LD_RUNPATH_SEARCH_PATHS = "$(inherited) @executable_path/Frameworks @loader_path/Frameworks";
				PRODUCT_NAME = "$(TARGET_NAME)";
				TEST_HOST = "$(BUILT_PRODUCTS_DIR)/Pitch Perfect.app/Pitch Perfect";
			};
			name = Release;
		};
/* End XCBuildConfiguration section */

/* Begin XCConfigurationList section */
		FA4A11BB1B0BB7D800518050 /* Build configuration list for PBXProject "Pitch Perfect" */ = {
			isa = XCConfigurationList;
			buildConfigurations = (
				FA4A11DD1B0BB7D800518050 /* Debug */,
				FA4A11DE1B0BB7D800518050 /* Release */,
			);
			defaultConfigurationIsVisible = 0;
			defaultConfigurationName = Release;
		};
		FA4A11DF1B0BB7D800518050 /* Build configuration list for PBXNativeTarget "Pitch Perfect" */ = {
			isa = XCConfigurationList;
			buildConfigurations = (
				FA4A11E01B0BB7D800518050 /* Debug */,
				FA4A11E11B0BB7D800518050 /* Release */,
			);
			defaultConfigurationIsVisible = 0;
			defaultConfigurationName = Release;
		};
		FA4A11E21B0BB7D800518050 /* Build configuration list for PBXNativeTarget "Pitch PerfectTests" */ = {
			isa = XCConfigurationList;
			buildConfigurations = (
				FA4A11E31B0BB7D800518050 /* Debug */,
				FA4A11E41B0BB7D800518050 /* Release */,
			);
			defaultConfigurationIsVisible = 0;
			defaultConfigurationName = Release;
		};
/* End XCConfigurationList section */
	};
	rootObject = FA4A11B81B0BB7D800518050 /* Project object */;
}
